
Microsoft Visual Studio Solution File, Format Version 12.00
# Visual Studio Version 16
VisualStudioVersion = 16.6.30114.105
MinimumVisualStudioVersion = 10.0.40219.1
Project("{FAE04EC0-301F-11D3-BF4B-00C04F79EFBC}") = "helloWorld", "helloWorld\helloWorld.csproj", "{27BD9F92-E522-417D-943A-BBFE69EBA51A}"
EndProject
Project("{FAE04EC0-301F-11D3-BF4B-00C04F79EFBC}") = "application", "Api.Application\application.csproj", "{58C9B05B-7431-4641-A832-85DDF450CE15}"
EndProject
Project("{FAE04EC0-301F-11D3-BF4B-00C04F79EFBC}") = "domain", "Api.Domain\domain.csproj", "{54E897A7-9C6A-4C51-A0B3-6F31C9277B19}"
EndProject
Project("{FAE04EC0-301F-11D3-BF4B-00C04F79EFBC}") = "crosscutting", "Api.CrossCutting\crosscutting.csproj", "{82C4E426-5C07-4C51-B60B-E82C68EDC8CB}"
EndProject
Project("{FAE04EC0-301F-11D3-BF4B-00C04F79EFBC}") = "data", "Api.Data\data.csproj", "{9D64A987-8ADB-413D-9F77-3C4A1026DD50}"
EndProject
Project("{FAE04EC0-301F-11D3-BF4B-00C04F79EFBC}") = "service", "Api.Service\service.csproj", "{F5059AD8-412B-44F9-8B56-2CDE3E578B7C}"
EndProject
Project("{FAE04EC0-301F-11D3-BF4B-00C04F79EFBC}") = "Api.Data.Test", "Api.Data.Test\Api.Data.Test.csproj", "{B7A7B1AC-536B-4304-9D03-8F42B7693D62}"
EndProject
Global
	GlobalSection(SolutionConfigurationPlatforms) = preSolution
		Debug|Any CPU = Debug|Any CPU
		Debug|x64 = Debug|x64
		Debug|x86 = Debug|x86
		Release|Any CPU = Release|Any CPU
		Release|x64 = Release|x64
		Release|x86 = Release|x86
	EndGlobalSection
	GlobalSection(SolutionProperties) = preSolution
		HideSolutionNode = FALSE
	EndGlobalSection
	GlobalSection(ProjectConfigurationPlatforms) = postSolution
		{27BD9F92-E522-417D-943A-BBFE69EBA51A}.Debug|Any CPU.ActiveCfg = Debug|Any CPU
		{27BD9F92-E522-417D-943A-BBFE69EBA51A}.Debug|Any CPU.Build.0 = Debug|Any CPU
		{27BD9F92-E522-417D-943A-BBFE69EBA51A}.Debug|x64.ActiveCfg = Debug|Any CPU
		{27BD9F92-E522-417D-943A-BBFE69EBA51A}.Debug|x64.Build.0 = Debug|Any CPU
		{27BD9F92-E522-417D-943A-BBFE69EBA51A}.Debug|x86.ActiveCfg = Debug|Any CPU
		{27BD9F92-E522-417D-943A-BBFE69EBA51A}.Debug|x86.Build.0 = Debug|Any CPU
		{27BD9F92-E522-417D-943A-BBFE69EBA51A}.Release|Any CPU.ActiveCfg = Release|Any CPU
		{27BD9F92-E522-417D-943A-BBFE69EBA51A}.Release|Any CPU.Build.0 = Release|Any CPU
		{27BD9F92-E522-417D-943A-BBFE69EBA51A}.Release|x64.ActiveCfg = Release|Any CPU
		{27BD9F92-E522-417D-943A-BBFE69EBA51A}.Release|x64.Build.0 = Release|Any CPU
		{27BD9F92-E522-417D-943A-BBFE69EBA51A}.Release|x86.ActiveCfg = Release|Any CPU
		{27BD9F92-E522-417D-943A-BBFE69EBA51A}.Release|x86.Build.0 = Release|Any CPU
		{58C9B05B-7431-4641-A832-85DDF450CE15}.Debug|Any CPU.ActiveCfg = Debug|Any CPU
		{58C9B05B-7431-4641-A832-85DDF450CE15}.Debug|Any CPU.Build.0 = Debug|Any CPU
		{58C9B05B-7431-4641-A832-85DDF450CE15}.Debug|x64.ActiveCfg = Debug|Any CPU
		{58C9B05B-7431-4641-A832-85DDF450CE15}.Debug|x64.Build.0 = Debug|Any CPU
		{58C9B05B-7431-4641-A832-85DDF450CE15}.Debug|x86.ActiveCfg = Debug|Any CPU
		{58C9B05B-7431-4641-A832-85DDF450CE15}.Debug|x86.Build.0 = Debug|Any CPU
		{58C9B05B-7431-4641-A832-85DDF450CE15}.Release|Any CPU.ActiveCfg = Release|Any CPU
		{58C9B05B-7431-4641-A832-85DDF450CE15}.Release|Any CPU.Build.0 = Release|Any CPU
		{58C9B05B-7431-4641-A832-85DDF450CE15}.Release|x64.ActiveCfg = Release|Any CPU
		{58C9B05B-7431-4641-A832-85DDF450CE15}.Release|x64.Build.0 = Release|Any CPU
		{58C9B05B-7431-4641-A832-85DDF450CE15}.Release|x86.ActiveCfg = Release|Any CPU
		{58C9B05B-7431-4641-A832-85DDF450CE15}.Release|x86.Build.0 = Release|Any CPU
		{54E897A7-9C6A-4C51-A0B3-6F31C9277B19}.Debug|Any CPU.ActiveCfg = Debug|Any CPU
		{54E897A7-9C6A-4C51-A0B3-6F31C9277B19}.Debug|Any CPU.Build.0 = Debug|Any CPU
		{54E897A7-9C6A-4C51-A0B3-6F31C9277B19}.Debug|x64.ActiveCfg = Debug|Any CPU
		{54E897A7-9C6A-4C51-A0B3-6F31C9277B19}.Debug|x64.Build.0 = Debug|Any CPU
		{54E897A7-9C6A-4C51-A0B3-6F31C9277B19}.Debug|x86.ActiveCfg = Debug|Any CPU
		{54E897A7-9C6A-4C51-A0B3-6F31C9277B19}.Debug|x86.Build.0 = Debug|Any CPU
		{54E897A7-9C6A-4C51-A0B3-6F31C9277B19}.Release|Any CPU.ActiveCfg = Release|Any CPU
		{54E897A7-9C6A-4C51-A0B3-6F31C9277B19}.Release|Any CPU.Build.0 = Release|Any CPU
		{54E897A7-9C6A-4C51-A0B3-6F31C9277B19}.Release|x64.ActiveCfg = Release|Any CPU
		{54E897A7-9C6A-4C51-A0B3-6F31C9277B19}.Release|x64.Build.0 = Release|Any CPU
		{54E897A7-9C6A-4C51-A0B3-6F31C9277B19}.Release|x86.ActiveCfg = Release|Any CPU
		{54E897A7-9C6A-4C51-A0B3-6F31C9277B19}.Release|x86.Build.0 = Release|Any CPU
		{82C4E426-5C07-4C51-B60B-E82C68EDC8CB}.Debug|Any CPU.ActiveCfg = Debug|Any CPU
		{82C4E426-5C07-4C51-B60B-E82C68EDC8CB}.Debug|Any CPU.Build.0 = Debug|Any CPU
		{82C4E426-5C07-4C51-B60B-E82C68EDC8CB}.Debug|x64.ActiveCfg = Debug|Any CPU
		{82C4E426-5C07-4C51-B60B-E82C68EDC8CB}.Debug|x64.Build.0 = Debug|Any CPU
		{82C4E426-5C07-4C51-B60B-E82C68EDC8CB}.Debug|x86.ActiveCfg = Debug|Any CPU
		{82C4E426-5C07-4C51-B60B-E82C68EDC8CB}.Debug|x86.Build.0 = Debug|Any CPU
		{82C4E426-5C07-4C51-B60B-E82C68EDC8CB}.Release|Any CPU.ActiveCfg = Release|Any CPU
		{82C4E426-5C07-4C51-B60B-E82C68EDC8CB}.Release|Any CPU.Build.0 = Release|Any CPU
		{82C4E426-5C07-4C51-B60B-E82C68EDC8CB}.Release|x64.ActiveCfg = Release|Any CPU
		{82C4E426-5C07-4C51-B60B-E82C68EDC8CB}.Release|x64.Build.0 = Release|Any CPU
		{82C4E426-5C07-4C51-B60B-E82C68EDC8CB}.Release|x86.ActiveCfg = Release|Any CPU
		{82C4E426-5C07-4C51-B60B-E82C68EDC8CB}.Release|x86.Build.0 = Release|Any CPU
		{9D64A987-8ADB-413D-9F77-3C4A1026DD50}.Debug|Any CPU.ActiveCfg = Debug|Any CPU
		{9D64A987-8ADB-413D-9F77-3C4A1026DD50}.Debug|Any CPU.Build.0 = Debug|Any CPU
		{9D64A987-8ADB-413D-9F77-3C4A1026DD50}.Debug|x64.ActiveCfg = Debug|Any CPU
		{9D64A987-8ADB-413D-9F77-3C4A1026DD50}.Debug|x64.Build.0 = Debug|Any CPU
		{9D64A987-8ADB-413D-9F77-3C4A1026DD50}.Debug|x86.ActiveCfg = Debug|Any CPU
		{9D64A987-8ADB-413D-9F77-3C4A1026DD50}.Debug|x86.Build.0 = Debug|Any CPU
		{9D64A987-8ADB-413D-9F77-3C4A1026DD50}.Release|Any CPU.ActiveCfg = Release|Any CPU
		{9D64A987-8ADB-413D-9F77-3C4A1026DD50}.Release|Any CPU.Build.0 = Release|Any CPU
		{9D64A987-8ADB-413D-9F77-3C4A1026DD50}.Release|x64.ActiveCfg = Release|Any CPU
		{9D64A987-8ADB-413D-9F77-3C4A1026DD50}.Release|x64.Build.0 = Release|Any CPU
		{9D64A987-8ADB-413D-9F77-3C4A1026DD50}.Release|x86.ActiveCfg = Release|Any CPU
		{9D64A987-8ADB-413D-9F77-3C4A1026DD50}.Release|x86.Build.0 = Release|Any CPU
		{F5059AD8-412B-44F9-8B56-2CDE3E578B7C}.Debug|Any CPU.ActiveCfg = Debug|Any CPU
		{F5059AD8-412B-44F9-8B56-2CDE3E578B7C}.Debug|Any CPU.Build.0 = Debug|Any CPU
		{F5059AD8-412B-44F9-8B56-2CDE3E578B7C}.Debug|x64.ActiveCfg = Debug|Any CPU
		{F5059AD8-412B-44F9-8B56-2CDE3E578B7C}.Debug|x64.Build.0 = Debug|Any CPU
		{F5059AD8-412B-44F9-8B56-2CDE3E578B7C}.Debug|x86.ActiveCfg = Debug|Any CPU
		{F5059AD8-412B-44F9-8B56-2CDE3E578B7C}.Debug|x86.Build.0 = Debug|Any CPU
		{F5059AD8-412B-44F9-8B56-2CDE3E578B7C}.Release|Any CPU.ActiveCfg = Release|Any CPU
		{F5059AD8-412B-44F9-8B56-2CDE3E578B7C}.Release|Any CPU.Build.0 = Release|Any CPU
		{F5059AD8-412B-44F9-8B56-2CDE3E578B7C}.Release|x64.ActiveCfg = Release|Any CPU
		{F5059AD8-412B-44F9-8B56-2CDE3E578B7C}.Release|x64.Build.0 = Release|Any CPU
		{F5059AD8-412B-44F9-8B56-2CDE3E578B7C}.Release|x86.ActiveCfg = Release|Any CPU
		{F5059AD8-412B-44F9-8B56-2CDE3E578B7C}.Release|x86.Build.0 = Release|Any CPU
		{B7A7B1AC-536B-4304-9D03-8F42B7693D62}.Debug|Any CPU.ActiveCfg = Debug|Any CPU
		{B7A7B1AC-536B-4304-9D03-8F42B7693D62}.Debug|Any CPU.Build.0 = Debug|Any CPU
		{B7A7B1AC-536B-4304-9D03-8F42B7693D62}.Debug|x64.ActiveCfg = Debug|Any CPU
		{B7A7B1AC-536B-4304-9D03-8F42B7693D62}.Debug|x64.Build.0 = Debug|Any CPU
		{B7A7B1AC-536B-4304-9D03-8F42B7693D62}.Debug|x86.ActiveCfg = Debug|Any CPU
		{B7A7B1AC-536B-4304-9D03-8F42B7693D62}.Debug|x86.Build.0 = Debug|Any CPU
		{B7A7B1AC-536B-4304-9D03-8F42B7693D62}.Release|Any CPU.ActiveCfg = Release|Any CPU
		{B7A7B1AC-536B-4304-9D03-8F42B7693D62}.Release|Any CPU.Build.0 = Release|Any CPU
		{B7A7B1AC-536B-4304-9D03-8F42B7693D62}.Release|x64.ActiveCfg = Release|Any CPU
		{B7A7B1AC-536B-4304-9D03-8F42B7693D62}.Release|x64.Build.0 = Release|Any CPU
		{B7A7B1AC-536B-4304-9D03-8F42B7693D62}.Release|x86.ActiveCfg = Release|Any CPU
		{B7A7B1AC-536B-4304-9D03-8F42B7693D62}.Release|x86.Build.0 = Release|Any CPU
	EndGlobalSection
EndGlobal
